
Microsoft Visual Studio Solution File, Format Version 12.00
# Visual Studio 15
VisualStudioVersion = 15.0.27004.2002
MinimumVisualStudioVersion = 10.0.40219.1
Project("{FAE04EC0-301F-11D3-BF4B-00C04F79EFBC}") = "Conway", "Conway\Conway.csproj", "{1DAA184C-09AC-48D7-90B6-774C9C017772}"
EndProject
Global
	GlobalSection(SolutionConfigurationPlatforms) = preSolution
		Debug|Any CPU = Debug|Any CPU
		Release|Any CPU = Release|Any CPU
	EndGlobalSection
	GlobalSection(ProjectConfigurationPlatforms) = postSolution
		{1DAA184C-09AC-48D7-90B6-774C9C017772}.Debug|Any CPU.ActiveCfg = Debug|Any CPU
		{1DAA184C-09AC-48D7-90B6-774C9C017772}.Debug|Any CPU.Build.0 = Debug|Any CPU
		{1DAA184C-09AC-48D7-90B6-774C9C017772}.Release|Any CPU.ActiveCfg = Release|Any CPU
		{1DAA184C-09AC-48D7-90B6-774C9C017772}.Release|Any CPU.Build.0 = Release|Any CPU
	EndGlobalSection
	GlobalSection(SolutionProperties) = preSolution
		HideSolutionNode = FALSE
	EndGlobalSection
	GlobalSection(ExtensibilityGlobals) = postSolution
		SolutionGuid = {4610BDB5-DF78-46E7-BDBE-DBA249ADD5E6}
	EndGlobalSection
EndGlobal
